
Microsoft Visual Studio Solution File, Format Version 12.00
# Visual Studio Version 17
VisualStudioVersion = 17.2.32630.192
MinimumVisualStudioVersion = 10.0.40219.1
Project("{9A19103F-16F7-4668-BE54-9A1E7A4F7556}") = "Web_API_Task", "Web_API_Task\Web_API_Task.csproj", "{D570B023-DF36-4E85-BFDA-DF2C91166BD2}"
EndProject
Project("{2150E333-8FDC-42A3-9474-1A3956D46DE8}") = "Solution Items", "Solution Items", "{992688D3-0250-4CA1-B6EC-C0A6B72F7623}"
	ProjectSection(SolutionItems) = preProject
		.editorconfig = .editorconfig
	EndProjectSection
EndProject
Global
	GlobalSection(SolutionConfigurationPlatforms) = preSolution
		Debug|Any CPU = Debug|Any CPU
		Release|Any CPU = Release|Any CPU
	EndGlobalSection
	GlobalSection(ProjectConfigurationPlatforms) = postSolution
		{D570B023-DF36-4E85-BFDA-DF2C91166BD2}.Debug|Any CPU.ActiveCfg = Debug|Any CPU
		{D570B023-DF36-4E85-BFDA-DF2C91166BD2}.Debug|Any CPU.Build.0 = Debug|Any CPU
		{D570B023-DF36-4E85-BFDA-DF2C91166BD2}.Release|Any CPU.ActiveCfg = Release|Any CPU
		{D570B023-DF36-4E85-BFDA-DF2C91166BD2}.Release|Any CPU.Build.0 = Release|Any CPU
	EndGlobalSection
	GlobalSection(SolutionProperties) = preSolution
		HideSolutionNode = FALSE
	EndGlobalSection
	GlobalSection(ExtensibilityGlobals) = postSolution
		SolutionGuid = {9DF3C779-AEAA-4D25-8230-C42BE53398A9}
	EndGlobalSection
EndGlobal
